
Microsoft Visual Studio Solution File, Format Version 12.00
# Visual Studio Version 16
VisualStudioVersion = 16.0.30907.101
MinimumVisualStudioVersion = 10.0.40219.1
Project("{FAE04EC0-301F-11D3-BF4B-00C04F79EFBC}") = "WindowsForms", "WebForms\WindowsForms.csproj", "{5E3F0B61-1A63-4C1E-87AD-CBF74622D612}"
EndProject
Project("{FAE04EC0-301F-11D3-BF4B-00C04F79EFBC}") = "Data", "Data\Data.csproj", "{EDE4283B-CF6B-48C2-B5B7-B7B9166B618B}"
EndProject
Project("{FAE04EC0-301F-11D3-BF4B-00C04F79EFBC}") = "Wpf", "Wpf\Wpf.csproj", "{A724060A-A14A-43B0-BF4C-8B6ABF42B224}"
EndProject
Global
	GlobalSection(SolutionConfigurationPlatforms) = preSolution
		Debug|Any CPU = Debug|Any CPU
		Release|Any CPU = Release|Any CPU
	EndGlobalSection
	GlobalSection(ProjectConfigurationPlatforms) = postSolution
		{5E3F0B61-1A63-4C1E-87AD-CBF74622D612}.Debug|Any CPU.ActiveCfg = Debug|Any CPU
		{5E3F0B61-1A63-4C1E-87AD-CBF74622D612}.Debug|Any CPU.Build.0 = Debug|Any CPU
		{5E3F0B61-1A63-4C1E-87AD-CBF74622D612}.Release|Any CPU.ActiveCfg = Release|Any CPU
		{5E3F0B61-1A63-4C1E-87AD-CBF74622D612}.Release|Any CPU.Build.0 = Release|Any CPU
		{EDE4283B-CF6B-48C2-B5B7-B7B9166B618B}.Debug|Any CPU.ActiveCfg = Debug|Any CPU
		{EDE4283B-CF6B-48C2-B5B7-B7B9166B618B}.Debug|Any CPU.Build.0 = Debug|Any CPU
		{EDE4283B-CF6B-48C2-B5B7-B7B9166B618B}.Release|Any CPU.ActiveCfg = Release|Any CPU
		{EDE4283B-CF6B-48C2-B5B7-B7B9166B618B}.Release|Any CPU.Build.0 = Release|Any CPU
		{A724060A-A14A-43B0-BF4C-8B6ABF42B224}.Debug|Any CPU.ActiveCfg = Debug|Any CPU
		{A724060A-A14A-43B0-BF4C-8B6ABF42B224}.Debug|Any CPU.Build.0 = Debug|Any CPU
		{A724060A-A14A-43B0-BF4C-8B6ABF42B224}.Release|Any CPU.ActiveCfg = Release|Any CPU
		{A724060A-A14A-43B0-BF4C-8B6ABF42B224}.Release|Any CPU.Build.0 = Release|Any CPU
	EndGlobalSection
	GlobalSection(SolutionProperties) = preSolution
		HideSolutionNode = FALSE
	EndGlobalSection
	GlobalSection(ExtensibilityGlobals) = postSolution
		SolutionGuid = {F3C88AD8-89BB-4D77-988B-6D1CB6BA8CCD}
	EndGlobalSection
EndGlobal
